// !$*UTF8*$!
{
	archiveVersion = 1;
	classes = {
	};
	objectVersion = 46;
	objects = {

/* Begin PBXBuildFile section */
		EE28DB961943F19900E0E0B6 /* RangingViewController.swift in Sources */ = {isa = PBXBuildFile; fileRef = EE28DB951943F19900E0E0B6 /* RangingViewController.swift */; };
		EEA2AEF31943A75D00D60B69 /* AppDelegate.swift in Sources */ = {isa = PBXBuildFile; fileRef = EEA2AEF21943A75D00D60B69 /* AppDelegate.swift */; };
		EEA2AEF51943A75D00D60B69 /* Images.xcassets in Resources */ = {isa = PBXBuildFile; fileRef = EEA2AEF41943A75D00D60B69 /* Images.xcassets */; };
		EEA2AF011943A75D00D60B69 /* AirLocatorSwiftTests.swift in Sources */ = {isa = PBXBuildFile; fileRef = EEA2AF001943A75D00D60B69 /* AirLocatorSwiftTests.swift */; };
		EEA2AF0B1943A7AB00D60B69 /* CoreLocation.framework in Frameworks */ = {isa = PBXBuildFile; fileRef = EEA2AF0A1943A7AB00D60B69 /* CoreLocation.framework */; };
		EEA2AF0D1943AB5600D60B69 /* Defaults.swift in Sources */ = {isa = PBXBuildFile; fileRef = EEA2AF0C1943AB5600D60B69 /* Defaults.swift */; };
		EEA2AF0F1943B25300D60B69 /* UUIDViewController.swift in Sources */ = {isa = PBXBuildFile; fileRef = EEA2AF0E1943B25300D60B69 /* UUIDViewController.swift */; };
		EEA2AF111943D56800D60B69 /* ProgressTableViewCell.swift in Sources */ = {isa = PBXBuildFile; fileRef = EEA2AF101943D56800D60B69 /* ProgressTableViewCell.swift */; };
		EEA2AF131943D6FE00D60B69 /* MonitoringViewController.swift in Sources */ = {isa = PBXBuildFile; fileRef = EEA2AF121943D6FE00D60B69 /* MonitoringViewController.swift */; };
		EEFDF90D19463BC100D976EB /* CalibrationCalculator.swift in Sources */ = {isa = PBXBuildFile; fileRef = EEFDF90C19463BC100D976EB /* CalibrationCalculator.swift */; };
		EEFDF911194663E500D976EB /* CalibrationEndViewController.swift in Sources */ = {isa = PBXBuildFile; fileRef = EEFDF910194663E500D976EB /* CalibrationEndViewController.swift */; };
		EEFDF913194665EF00D976EB /* ConfigurationViewController.swift in Sources */ = {isa = PBXBuildFile; fileRef = EEFDF912194665EF00D976EB /* ConfigurationViewController.swift */; };
		EEFDF9151946664B00D976EB /* CoreBluetooth.framework in Frameworks */ = {isa = PBXBuildFile; fileRef = EEFDF9141946664B00D976EB /* CoreBluetooth.framework */; };
		EEFDF9171947453200D976EB /* CalibrationBeginViewController.swift in Sources */ = {isa = PBXBuildFile; fileRef = EEFDF9161947453200D976EB /* CalibrationBeginViewController.swift */; };
		EEFDF91D1947819A00D976EB /* Main.storyboard in Resources */ = {isa = PBXBuildFile; fileRef = EEFDF91C1947819A00D976EB /* Main.storyboard */; };
/* End PBXBuildFile section */

/* Begin PBXContainerItemProxy section */
		EEA2AEFB1943A75D00D60B69 /* PBXContainerItemProxy */ = {
			isa = PBXContainerItemProxy;
			containerPortal = EEA2AEE51943A75D00D60B69 /* Project object */;
			proxyType = 1;
			remoteGlobalIDString = EEA2AEEC1943A75D00D60B69;
			remoteInfo = AirLocatorSwift;
		};
/* End PBXContainerItemProxy section */

/* Begin PBXFileReference section */
		EE28DB951943F19900E0E0B6 /* RangingViewController.swift */ = {isa = PBXFileReference; fileEncoding = 4; lastKnownFileType = sourcecode.swift; path = RangingViewController.swift; sourceTree = "<group>"; };
		EEA2AEED1943A75D00D60B69 /* AirLocatorSwift.app */ = {isa = PBXFileReference; explicitFileType = wrapper.application; includeInIndex = 0; path = AirLocatorSwift.app; sourceTree = BUILT_PRODUCTS_DIR; };
		EEA2AEF11943A75D00D60B69 /* Info.plist */ = {isa = PBXFileReference; lastKnownFileType = text.plist.xml; path = Info.plist; sourceTree = "<group>"; };
		EEA2AEF21943A75D00D60B69 /* AppDelegate.swift */ = {isa = PBXFileReference; lastKnownFileType = sourcecode.swift; path = AppDelegate.swift; sourceTree = "<group>"; };
		EEA2AEF41943A75D00D60B69 /* Images.xcassets */ = {isa = PBXFileReference; lastKnownFileType = folder.assetcatalog; path = Images.xcassets; sourceTree = "<group>"; };
		EEA2AEFA1943A75D00D60B69 /* AirLocatorSwiftTests.xctest */ = {isa = PBXFileReference; explicitFileType = wrapper.cfbundle; includeInIndex = 0; path = AirLocatorSwiftTests.xctest; sourceTree = BUILT_PRODUCTS_DIR; };
		EEA2AEFF1943A75D00D60B69 /* Info.plist */ = {isa = PBXFileReference; lastKnownFileType = text.plist.xml; path = Info.plist; sourceTree = "<group>"; };
		EEA2AF001943A75D00D60B69 /* AirLocatorSwiftTests.swift */ = {isa = PBXFileReference; lastKnownFileType = sourcecode.swift; path = AirLocatorSwiftTests.swift; sourceTree = "<group>"; };
		EEA2AF0A1943A7AB00D60B69 /* CoreLocation.framework */ = {isa = PBXFileReference; lastKnownFileType = wrapper.framework; name = CoreLocation.framework; path = System/Library/Frameworks/CoreLocation.framework; sourceTree = SDKROOT; };
		EEA2AF0C1943AB5600D60B69 /* Defaults.swift */ = {isa = PBXFileReference; fileEncoding = 4; lastKnownFileType = sourcecode.swift; path = Defaults.swift; sourceTree = "<group>"; };
		EEA2AF0E1943B25300D60B69 /* UUIDViewController.swift */ = {isa = PBXFileReference; fileEncoding = 4; lastKnownFileType = sourcecode.swift; path = UUIDViewController.swift; sourceTree = "<group>"; };
		EEA2AF101943D56800D60B69 /* ProgressTableViewCell.swift */ = {isa = PBXFileReference; fileEncoding = 4; lastKnownFileType = sourcecode.swift; path = ProgressTableViewCell.swift; sourceTree = "<group>"; };
		EEA2AF121943D6FE00D60B69 /* MonitoringViewController.swift */ = {isa = PBXFileReference; fileEncoding = 4; lastKnownFileType = sourcecode.swift; path = MonitoringViewController.swift; sourceTree = "<group>"; };
		EEFDF90C19463BC100D976EB /* CalibrationCalculator.swift */ = {isa = PBXFileReference; fileEncoding = 4; lastKnownFileType = sourcecode.swift; path = CalibrationCalculator.swift; sourceTree = "<group>"; };
		EEFDF910194663E500D976EB /* CalibrationEndViewController.swift */ = {isa = PBXFileReference; fileEncoding = 4; lastKnownFileType = sourcecode.swift; path = CalibrationEndViewController.swift; sourceTree = "<group>"; };
		EEFDF912194665EF00D976EB /* ConfigurationViewController.swift */ = {isa = PBXFileReference; fileEncoding = 4; lastKnownFileType = sourcecode.swift; path = ConfigurationViewController.swift; sourceTree = "<group>"; };
		EEFDF9141946664B00D976EB /* CoreBluetooth.framework */ = {isa = PBXFileReference; lastKnownFileType = wrapper.framework; name = CoreBluetooth.framework; path = System/Library/Frameworks/CoreBluetooth.framework; sourceTree = SDKROOT; };
		EEFDF9161947453200D976EB /* CalibrationBeginViewController.swift */ = {isa = PBXFileReference; fileEncoding = 4; lastKnownFileType = sourcecode.swift; path = CalibrationBeginViewController.swift; sourceTree = "<group>"; };
		EEFDF91C1947819A00D976EB /* Main.storyboard */ = {isa = PBXFileReference; fileEncoding = 4; lastKnownFileType = file.storyboard; path = Main.storyboard; sourceTree = "<group>"; };
/* End PBXFileReference section */

/* Begin PBXFrameworksBuildPhase section */
		EEA2AEEA1943A75D00D60B69 /* Frameworks */ = {
			isa = PBXFrameworksBuildPhase;
			buildActionMask = 2147483647;
			files = (
				EEFDF9151946664B00D976EB /* CoreBluetooth.framework in Frameworks */,
				EEA2AF0B1943A7AB00D60B69 /* CoreLocation.framework in Frameworks */,
			);
			runOnlyForDeploymentPostprocessing = 0;
		};
		EEA2AEF71943A75D00D60B69 /* Frameworks */ = {
			isa = PBXFrameworksBuildPhase;
			buildActionMask = 2147483647;
			files = (
			);
			runOnlyForDeploymentPostprocessing = 0;
		};
/* End PBXFrameworksBuildPhase section */

/* Begin PBXGroup section */
		EEA2AEE41943A75D00D60B69 = {
			isa = PBXGroup;
			children = (
				EEFDF9141946664B00D976EB /* CoreBluetooth.framework */,
				EEA2AF0A1943A7AB00D60B69 /* CoreLocation.framework */,
				EEA2AEEF1943A75D00D60B69 /* AirLocatorSwift */,
				EEA2AEFD1943A75D00D60B69 /* AirLocatorSwiftTests */,
				EEA2AEEE1943A75D00D60B69 /* Products */,
			);
			sourceTree = "<group>";
		};
		EEA2AEEE1943A75D00D60B69 /* Products */ = {
			isa = PBXGroup;
			children = (
				EEA2AEED1943A75D00D60B69 /* AirLocatorSwift.app */,
				EEA2AEFA1943A75D00D60B69 /* AirLocatorSwiftTests.xctest */,
			);
			name = Products;
			sourceTree = "<group>";
		};
		EEA2AEEF1943A75D00D60B69 /* AirLocatorSwift */ = {
			isa = PBXGroup;
			children = (
				EEA2AEF21943A75D00D60B69 /* AppDelegate.swift */,
				EEA2AEF41943A75D00D60B69 /* Images.xcassets */,
				EEA2AEF01943A75D00D60B69 /* Supporting Files */,
				EEA2AF0C1943AB5600D60B69 /* Defaults.swift */,
				EEA2AF0E1943B25300D60B69 /* UUIDViewController.swift */,
				EEA2AF101943D56800D60B69 /* ProgressTableViewCell.swift */,
				EEA2AF121943D6FE00D60B69 /* MonitoringViewController.swift */,
				EE28DB951943F19900E0E0B6 /* RangingViewController.swift */,
				EEFDF90C19463BC100D976EB /* CalibrationCalculator.swift */,
				EEFDF910194663E500D976EB /* CalibrationEndViewController.swift */,
				EEFDF912194665EF00D976EB /* ConfigurationViewController.swift */,
				EEFDF9161947453200D976EB /* CalibrationBeginViewController.swift */,
			);
			path = AirLocatorSwift;
			sourceTree = "<group>";
		};
		EEA2AEF01943A75D00D60B69 /* Supporting Files */ = {
			isa = PBXGroup;
			children = (
				EEA2AEF11943A75D00D60B69 /* Info.plist */,
				EEFDF91C1947819A00D976EB /* Main.storyboard */,
			);
			name = "Supporting Files";
			sourceTree = "<group>";
		};
		EEA2AEFD1943A75D00D60B69 /* AirLocatorSwiftTests */ = {
			isa = PBXGroup;
			children = (
				EEA2AF001943A75D00D60B69 /* AirLocatorSwiftTests.swift */,
				EEA2AEFE1943A75D00D60B69 /* Supporting Files */,
			);
			path = AirLocatorSwiftTests;
			sourceTree = "<group>";
		};
		EEA2AEFE1943A75D00D60B69 /* Supporting Files */ = {
			isa = PBXGroup;
			children = (
				EEA2AEFF1943A75D00D60B69 /* Info.plist */,
			);
			name = "Supporting Files";
			sourceTree = "<group>";
		};
/* End PBXGroup section */

/* Begin PBXNativeTarget section */
		EEA2AEEC1943A75D00D60B69 /* AirLocatorSwift */ = {
			isa = PBXNativeTarget;
			buildConfigurationList = EEA2AF041943A75D00D60B69 /* Build configuration list for PBXNativeTarget "AirLocatorSwift" */;
			buildPhases = (
				EEA2AEE91943A75D00D60B69 /* Sources */,
				EEA2AEEA1943A75D00D60B69 /* Frameworks */,
				EEA2AEEB1943A75D00D60B69 /* Resources */,
			);
			buildRules = (
			);
			dependencies = (
			);
			name = AirLocatorSwift;
			productName = AirLocatorSwift;
			productReference = EEA2AEED1943A75D00D60B69 /* AirLocatorSwift.app */;
			productType = "com.apple.product-type.application";
		};
		EEA2AEF91943A75D00D60B69 /* AirLocatorSwiftTests */ = {
			isa = PBXNativeTarget;
			buildConfigurationList = EEA2AF071943A75D00D60B69 /* Build configuration list for PBXNativeTarget "AirLocatorSwiftTests" */;
			buildPhases = (
				EEA2AEF61943A75D00D60B69 /* Sources */,
				EEA2AEF71943A75D00D60B69 /* Frameworks */,
				EEA2AEF81943A75D00D60B69 /* Resources */,
			);
			buildRules = (
			);
			dependencies = (
				EEA2AEFC1943A75D00D60B69 /* PBXTargetDependency */,
			);
			name = AirLocatorSwiftTests;
			productName = AirLocatorSwiftTests;
			productReference = EEA2AEFA1943A75D00D60B69 /* AirLocatorSwiftTests.xctest */;
			productType = "com.apple.product-type.bundle.unit-test";
		};
/* End PBXNativeTarget section */

/* Begin PBXProject section */
		EEA2AEE51943A75D00D60B69 /* Project object */ = {
			isa = PBXProject;
			attributes = {
				LastUpgradeCheck = 0600;
				ORGANIZATIONNAME = "Devin Young";
				TargetAttributes = {
					EEA2AEEC1943A75D00D60B69 = {
						CreatedOnToolsVersion = 6.0;
					};
					EEA2AEF91943A75D00D60B69 = {
						CreatedOnToolsVersion = 6.0;
						TestTargetID = EEA2AEEC1943A75D00D60B69;
					};
				};
			};
			buildConfigurationList = EEA2AEE81943A75D00D60B69 /* Build configuration list for PBXProject "AirLocatorSwift" */;
			compatibilityVersion = "Xcode 3.2";
			developmentRegion = English;
			hasScannedForEncodings = 0;
			knownRegions = (
				en,
			);
			mainGroup = EEA2AEE41943A75D00D60B69;
			productRefGroup = EEA2AEEE1943A75D00D60B69 /* Products */;
			projectDirPath = "";
			projectRoot = "";
			targets = (
				EEA2AEEC1943A75D00D60B69 /* AirLocatorSwift */,
				EEA2AEF91943A75D00D60B69 /* AirLocatorSwiftTests */,
			);
		};
/* End PBXProject section */

/* Begin PBXResourcesBuildPhase section */
		EEA2AEEB1943A75D00D60B69 /* Resources */ = {
			isa = PBXResourcesBuildPhase;
			buildActionMask = 2147483647;
			files = (
				EEA2AEF51943A75D00D60B69 /* Images.xcassets in Resources */,
				EEFDF91D1947819A00D976EB /* Main.storyboard in Resources */,
			);
			runOnlyForDeploymentPostprocessing = 0;
		};
		EEA2AEF81943A75D00D60B69 /* Resources */ = {
			isa = PBXResourcesBuildPhase;
			buildActionMask = 2147483647;
			files = (
			);
			runOnlyForDeploymentPostprocessing = 0;
		};
/* End PBXResourcesBuildPhase section */

/* Begin PBXSourcesBuildPhase section */
		EEA2AEE91943A75D00D60B69 /* Sources */ = {
			isa = PBXSourcesBuildPhase;
			buildActionMask = 2147483647;
			files = (
				EEA2AEF31943A75D00D60B69 /* AppDelegate.swift in Sources */,
				EEA2AF131943D6FE00D60B69 /* MonitoringViewController.swift in Sources */,
				EEA2AF0D1943AB5600D60B69 /* Defaults.swift in Sources */,
				EEA2AF111943D56800D60B69 /* ProgressTableViewCell.swift in Sources */,
				EEA2AF0F1943B25300D60B69 /* UUIDViewController.swift in Sources */,
				EEFDF913194665EF00D976EB /* ConfigurationViewController.swift in Sources */,
				EE28DB961943F19900E0E0B6 /* RangingViewController.swift in Sources */,
				EEFDF9171947453200D976EB /* CalibrationBeginViewController.swift in Sources */,
				EEFDF90D19463BC100D976EB /* CalibrationCalculator.swift in Sources */,
				EEFDF911194663E500D976EB /* CalibrationEndViewController.swift in Sources */,
			);
			runOnlyForDeploymentPostprocessing = 0;
		};
		EEA2AEF61943A75D00D60B69 /* Sources */ = {
			isa = PBXSourcesBuildPhase;
			buildActionMask = 2147483647;
			files = (
				EEA2AF011943A75D00D60B69 /* AirLocatorSwiftTests.swift in Sources */,
			);
			runOnlyForDeploymentPostprocessing = 0;
		};
/* End PBXSourcesBuildPhase section */

/* Begin PBXTargetDependency section */
		EEA2AEFC1943A75D00D60B69 /* PBXTargetDependency */ = {
			isa = PBXTargetDependency;
			target = EEA2AEEC1943A75D00D60B69 /* AirLocatorSwift */;
			targetProxy = EEA2AEFB1943A75D00D60B69 /* PBXContainerItemProxy */;
		};
/* End PBXTargetDependency section */

/* Begin XCBuildConfiguration section */
		EEA2AF021943A75D00D60B69 /* Debug */ = {
			isa = XCBuildConfiguration;
			buildSettings = {
				ALWAYS_SEARCH_USER_PATHS = NO;
				CLANG_CXX_LANGUAGE_STANDARD = "gnu++0x";
				CLANG_CXX_LIBRARY = "libc++";
				CLANG_ENABLE_MODULES = YES;
				CLANG_ENABLE_OBJC_ARC = YES;
				CLANG_WARN_BOOL_CONVERSION = YES;
				CLANG_WARN_CONSTANT_CONVERSION = YES;
				CLANG_WARN_DIRECT_OBJC_ISA_USAGE = YES_ERROR;
				CLANG_WARN_EMPTY_BODY = YES;
				CLANG_WARN_ENUM_CONVERSION = YES;
				CLANG_WARN_INT_CONVERSION = YES;
				CLANG_WARN_OBJC_ROOT_CLASS = YES_ERROR;
				CLANG_WARN_UNREACHABLE_CODE = YES;
				CLANG_WARN__DUPLICATE_METHOD_MATCH = YES;
				"CODE_SIGN_IDENTITY[sdk=iphoneos*]" = "iPhone Developer";
				COPY_PHASE_STRIP = NO;
				ENABLE_STRICT_OBJC_MSGSEND = YES;
				GCC_C_LANGUAGE_STANDARD = gnu99;
				GCC_DYNAMIC_NO_PIC = NO;
				GCC_OPTIMIZATION_LEVEL = 0;
				GCC_PREPROCESSOR_DEFINITIONS = (
					"DEBUG=1",
					"$(inherited)",
				);
				GCC_SYMBOLS_PRIVATE_EXTERN = NO;
				GCC_WARN_64_TO_32_BIT_CONVERSION = YES;
				GCC_WARN_ABOUT_RETURN_TYPE = YES_ERROR;
				GCC_WARN_UNDECLARED_SELECTOR = YES;
				GCC_WARN_UNINITIALIZED_AUTOS = YES_AGGRESSIVE;
				GCC_WARN_UNUSED_FUNCTION = YES;
				GCC_WARN_UNUSED_VARIABLE = YES;
				IPHONEOS_DEPLOYMENT_TARGET = 8.0;
				METAL_ENABLE_DEBUG_INFO = YES;
				ONLY_ACTIVE_ARCH = YES;
				SDKROOT = iphoneos;
				SWIFT_OPTIMIZATION_LEVEL = "-Onone";
				TARGETED_DEVICE_FAMILY = "1,2";
			};
			name = Debug;
		};
		EEA2AF031943A75D00D60B69 /* Release */ = {
			isa = XCBuildConfiguration;
			buildSettings = {
				ALWAYS_SEARCH_USER_PATHS = NO;
				CLANG_CXX_LANGUAGE_STANDARD = "gnu++0x";
				CLANG_CXX_LIBRARY = "libc++";
				CLANG_ENABLE_MODULES = YES;
				CLANG_ENABLE_OBJC_ARC = YES;
				CLANG_WARN_BOOL_CONVERSION = YES;
				CLANG_WARN_CONSTANT_CONVERSION = YES;
				CLANG_WARN_DIRECT_OBJC_ISA_USAGE = YES_ERROR;
				CLANG_WARN_EMPTY_BODY = YES;
				CLANG_WARN_ENUM_CONVERSION = YES;
				CLANG_WARN_INT_CONVERSION = YES;
				CLANG_WARN_OBJC_ROOT_CLASS = YES_ERROR;
				CLANG_WARN_UNREACHABLE_CODE = YES;
				CLANG_WARN__DUPLICATE_METHOD_MATCH = YES;
				"CODE_SIGN_IDENTITY[sdk=iphoneos*]" = "iPhone Developer";
				COPY_PHASE_STRIP = YES;
				ENABLE_NS_ASSERTIONS = NO;
				ENABLE_STRICT_OBJC_MSGSEND = YES;
				GCC_C_LANGUAGE_STANDARD = gnu99;
				GCC_WARN_64_TO_32_BIT_CONVERSION = YES;
				GCC_WARN_ABOUT_RETURN_TYPE = YES_ERROR;
				GCC_WARN_UNDECLARED_SELECTOR = YES;
				GCC_WARN_UNINITIALIZED_AUTOS = YES_AGGRESSIVE;
				GCC_WARN_UNUSED_FUNCTION = YES;
				GCC_WARN_UNUSED_VARIABLE = YES;
				IPHONEOS_DEPLOYMENT_TARGET = 8.0;
				METAL_ENABLE_DEBUG_INFO = NO;
				SDKROOT = iphoneos;
				TARGETED_DEVICE_FAMILY = "1,2";
				VALIDATE_PRODUCT = YES;
			};
			name = Release;
		};
		EEA2AF051943A75D00D60B69 /* Debug */ = {
			isa = XCBuildConfiguration;
			buildSettings = {
				ASSETCATALOG_COMPILER_APPICON_NAME = AppIcon;
				ASSETCATALOG_COMPILER_LAUNCHIMAGE_NAME = LaunchImage;
				INFOPLIST_FILE = AirLocatorSwift/Info.plist;
				LD_RUNPATH_SEARCH_PATHS = "$(inherited) @executable_path/Frameworks";
				PRODUCT_NAME = "$(TARGET_NAME)";
			};
			name = Debug;
		};
		EEA2AF061943A75D00D60B69 /* Release */ = {
			isa = XCBuildConfiguration;
			buildSettings = {
				ASSETCATALOG_COMPILER_APPICON_NAME = AppIcon;
				ASSETCATALOG_COMPILER_LAUNCHIMAGE_NAME = LaunchImage;
				INFOPLIST_FILE = AirLocatorSwift/Info.plist;
				LD_RUNPATH_SEARCH_PATHS = "$(inherited) @executable_path/Frameworks";
				PRODUCT_NAME = "$(TARGET_NAME)";
			};
			name = Release;
		};
		EEA2AF081943A75D00D60B69 /* Debug */ = {
			isa = XCBuildConfiguration;
			buildSettings = {
				BUNDLE_LOADER = "$(BUILT_PRODUCTS_DIR)/AirLocatorSwift.app/AirLocatorSwift";
				FRAMEWORK_SEARCH_PATHS = (
					"$(SDKROOT)/Developer/Library/Frameworks",
					"$(inherited)",
				);
				GCC_PREPROCESSOR_DEFINITIONS = (
					"DEBUG=1",
					"$(inherited)",
				);
				INFOPLIST_FILE = AirLocatorSwiftTests/Info.plist;
				LD_RUNPATH_SEARCH_PATHS = "$(inherited) @executable_path/Frameworks @loader_path/Frameworks";
				METAL_ENABLE_DEBUG_INFO = YES;
				PRODUCT_NAME = "$(TARGET_NAME)";
				TEST_HOST = "$(BUNDLE_LOADER)";
			};
			name = Debug;
		};
		EEA2AF091943A75D00D60B69 /* Release */ = {
			isa = XCBuildConfiguration;
			buildSettings = {
				BUNDLE_LOADER = "$(BUILT_PRODUCTS_DIR)/AirLocatorSwift.app/AirLocatorSwift";
				FRAMEWORK_SEARCH_PATHS = (
					"$(SDKROOT)/Developer/Library/Frameworks",
					"$(inherited)",
				);
				INFOPLIST_FILE = AirLocatorSwiftTests/Info.plist;
				LD_RUNPATH_SEARCH_PATHS = "$(inherited) @executable_path/Frameworks @loader_path/Frameworks";
				METAL_ENABLE_DEBUG_INFO = NO;
				PRODUCT_NAME = "$(TARGET_NAME)";
				TEST_HOST = "$(BUNDLE_LOADER)";
			};
			name = Release;
		};
/* End XCBuildConfiguration section */

/* Begin XCConfigurationList section */
		EEA2AEE81943A75D00D60B69 /* Build configuration list for PBXProject "AirLocatorSwift" */ = {
			isa = XCConfigurationList;
			buildConfigurations = (
				EEA2AF021943A75D00D60B69 /* Debug */,
				EEA2AF031943A75D00D60B69 /* Release */,
			);
			defaultConfigurationIsVisible = 0;
			defaultConfigurationName = Release;
		};
		EEA2AF041943A75D00D60B69 /* Build configuration list for PBXNativeTarget "AirLocatorSwift" */ = {
			isa = XCConfigurationList;
			buildConfigurations = (
				EEA2AF051943A75D00D60B69 /* Debug */,
				EEA2AF061943A75D00D60B69 /* Release */,
			);
			defaultConfigurationIsVisible = 0;
			defaultConfigurationName = Release;
		};
		EEA2AF071943A75D00D60B69 /* Build configuration list for PBXNativeTarget "AirLocatorSwiftTests" */ = {
			isa = XCConfigurationList;
			buildConfigurations = (
				EEA2AF081943A75D00D60B69 /* Debug */,
				EEA2AF091943A75D00D60B69 /* Release */,
			);
			defaultConfigurationIsVisible = 0;
			defaultConfigurationName = Release;
		};
/* End XCConfigurationList section */
	};
	rootObject = EEA2AEE51943A75D00D60B69 /* Project object */;
}
